{
  "version": 4,
  "terraform_version": "1.3.4",
  "serial": 144,
  "lineage": "902dad20-4015-1f2e-2b03-a9d87cfad226",
  "outputs": {
    "cassandra_instance_ip": {
      "value": "34.155.49.225",
      "type": "string"
    }
  },
  "resources": [
    {
      "module": "module.firewell",
      "mode": "managed",
      "type": "google_compute_firewall",
      "name": "cassandra_rules",
      "provider": "provider[\"registry.terraform.io/hashicorp/google\"]",
      "instances": [
        {
          "schema_version": 1,
          "attributes": {
            "allow": [
              {
                "ports": [
                  "9042",
                  "7000"
                ],
                "protocol": "tcp"
              }
            ],
            "creation_timestamp": "2023-01-26T09:49:31.866-08:00",
            "deny": [],
            "description": "",
            "destination_ranges": [],
            "direction": "INGRESS",
            "disabled": false,
            "enable_logging": null,
            "id": "projects/temp-368015/global/firewalls/cassandra-rules",
            "log_config": [],
            "name": "cassandra-rules",
            "network": "https://www.googleapis.com/compute/v1/projects/temp-368015/global/networks/default",
            "priority": 1000,
            "project": "temp-368015",
            "self_link": "https://www.googleapis.com/compute/v1/projects/temp-368015/global/firewalls/cassandra-rules",
            "source_ranges": [
              "0.0.0.0/0"
            ],
            "source_service_accounts": null,
            "source_tags": null,
            "target_service_accounts": null,
            "target_tags": [
              "cassandra"
            ],
            "timeouts": null
          },
          "sensitive_attributes": [],
          "private": "eyJlMmJmYjczMC1lY2FhLTExZTYtOGY4OC0zNDM2M2JjN2M0YzAiOnsiY3JlYXRlIjoxMjAwMDAwMDAwMDAwLCJkZWxldGUiOjEyMDAwMDAwMDAwMDAsInVwZGF0ZSI6MTIwMDAwMDAwMDAwMH0sInNjaGVtYV92ZXJzaW9uIjoiMSJ9"
        }
      ]
    },
    {
      "module": "module.my_instance",
      "mode": "managed",
      "type": "google_compute_instance",
      "name": "cassandra-instance",
      "provider": "provider[\"registry.terraform.io/hashicorp/google\"]",
      "instances": [
        {
          "schema_version": 6,
          "attributes": {
            "advanced_machine_features": [],
            "allow_stopping_for_update": null,
            "attached_disk": [],
            "boot_disk": [
              {
                "auto_delete": true,
                "device_name": "persistent-disk-0",
                "disk_encryption_key_raw": "",
                "disk_encryption_key_sha256": "",
                "initialize_params": [
                  {
                    "image": "https://www.googleapis.com/compute/v1/projects/debian-cloud/global/images/debian-11-bullseye-v20221206",
                    "labels": {},
                    "size": 20,
                    "type": "pd-standard"
                  }
                ],
                "kms_key_self_link": "",
                "mode": "READ_WRITE",
                "source": "https://www.googleapis.com/compute/v1/projects/temp-368015/zones/europe-west9-a/disks/cassandra-instance"
              }
            ],
            "can_ip_forward": false,
            "confidential_instance_config": [],
            "cpu_platform": "Intel Broadwell",
            "current_status": "RUNNING",
            "deletion_protection": false,
            "description": "",
            "desired_status": null,
            "enable_display": false,
            "guest_accelerator": [],
            "hostname": "",
            "id": "projects/temp-368015/zones/europe-west9-a/instances/cassandra-instance",
            "instance_id": "6940120752070788054",
            "label_fingerprint": "42WmSpB8rSM=",
            "labels": null,
            "machine_type": "e2-standard-2",
            "metadata": {
              "startup-script": "#! /bin/bash\n\nsudo apt update -y;\nsudo apt upgrade -y;\nsudo apt install -y docker.io;\nsudo systemctl start docker;\nsudo systemctl enable docker;\nsudo docker run -p 9042:9042 -d -p 7000:7000 cassandra:4 cassandra -fR"
            },
            "metadata_fingerprint": "T7irIrPRSuY=",
            "metadata_startup_script": null,
            "min_cpu_platform": "",
            "name": "cassandra-instance",
            "network_interface": [
              {
                "access_config": [
                  {
                    "nat_ip": "34.155.49.225",
                    "network_tier": "PREMIUM",
                    "public_ptr_domain_name": ""
                  }
                ],
                "alias_ip_range": [],
                "ipv6_access_config": [],
                "ipv6_access_type": "",
                "name": "nic0",
                "network": "https://www.googleapis.com/compute/v1/projects/temp-368015/global/networks/default",
                "network_ip": "10.200.0.37",
                "nic_type": "",
                "queue_count": 0,
                "stack_type": "IPV4_ONLY",
                "subnetwork": "https://www.googleapis.com/compute/v1/projects/temp-368015/regions/europe-west9/subnetworks/default",
                "subnetwork_project": "temp-368015"
              }
            ],
            "project": "temp-368015",
            "reservation_affinity": [],
            "resource_policies": null,
            "scheduling": [
              {
                "automatic_restart": true,
                "instance_termination_action": "",
                "min_node_cpus": 0,
                "node_affinities": [],
                "on_host_maintenance": "MIGRATE",
                "preemptible": false,
                "provisioning_model": "STANDARD"
              }
            ],
            "scratch_disk": [],
            "self_link": "https://www.googleapis.com/compute/v1/projects/temp-368015/zones/europe-west9-a/instances/cassandra-instance",
            "service_account": [],
            "shielded_instance_config": [
              {
                "enable_integrity_monitoring": true,
                "enable_secure_boot": false,
                "enable_vtpm": true
              }
            ],
            "tags": [
              "cassandra"
            ],
            "tags_fingerprint": "4ndtHne7-vE=",
            "timeouts": null,
            "zone": "europe-west9-a"
          },
          "sensitive_attributes": [],
          "private": "eyJlMmJmYjczMC1lY2FhLTExZTYtOGY4OC0zNDM2M2JjN2M0YzAiOnsiY3JlYXRlIjoxMjAwMDAwMDAwMDAwLCJkZWxldGUiOjEyMDAwMDAwMDAwMDAsInVwZGF0ZSI6MTIwMDAwMDAwMDAwMH0sInNjaGVtYV92ZXJzaW9uIjoiNiJ9",
          "dependencies": [
            "module.firewell.google_compute_firewall.cassandra_rules"
          ]
        }
      ]
    }
  ],
  "check_results": null
}
