{
  "version": 4,
  "terraform_version": "1.3.4",
  "serial": 83,
  "lineage": "902dad20-4015-1f2e-2b03-a9d87cfad226",
  "outputs": {
    "ip": {
      "value": "34.155.73.137",
      "type": "string"
    }
  },
  "resources": [
    {
      "module": "module.my_instance",
      "mode": "managed",
      "type": "google_compute_instance",
      "name": "temp-instance",
      "provider": "provider[\"registry.terraform.io/hashicorp/google\"]",
      "instances": [
        {
          "schema_version": 6,
          "attributes": {
            "advanced_machine_features": [],
            "allow_stopping_for_update": null,
            "attached_disk": [],
            "boot_disk": [
              {
                "auto_delete": true,
                "device_name": "persistent-disk-0",
                "disk_encryption_key_raw": "",
                "disk_encryption_key_sha256": "",
                "initialize_params": [
                  {
                    "image": "https://www.googleapis.com/compute/v1/projects/debian-cloud/global/images/debian-11-bullseye-v20221206",
                    "labels": {},
                    "size": 20,
                    "type": "pd-standard"
                  }
                ],
                "kms_key_self_link": "",
                "mode": "READ_WRITE",
                "source": "https://www.googleapis.com/compute/v1/projects/temp-368015/zones/europe-west9-a/disks/terraform-instance"
              }
            ],
            "can_ip_forward": false,
            "confidential_instance_config": [],
            "cpu_platform": "Intel Broadwell",
            "current_status": "RUNNING",
            "deletion_protection": false,
            "description": "",
            "desired_status": null,
            "enable_display": false,
            "guest_accelerator": [],
            "hostname": "",
            "id": "projects/temp-368015/zones/europe-west9-a/instances/terraform-instance",
            "instance_id": "2965653059681849020",
            "label_fingerprint": "42WmSpB8rSM=",
            "labels": null,
            "machine_type": "e2-standard-2",
            "metadata": {
              "ssh-keys": "oubay:ssh-rsa AAAAB3NzaC1yc2EAAAADAQABAAABgQDe+vC37E4y2L96EJpRlVISGXCoRz+BzTAh3Q6XmTtCbQHEq8ONyC41osi8LFkE8+epAf2lgyDWQ2QpQNbj6PhoIC5UekFbSccGINH9CWwYqdkg5TG83WpCRidN+u8rlsPXu9QYML7GfIZ2x/ixj/Wj/ZB3YOZoYaVzvjda7+CvbRI8KadpKOl1ZcFuj+ybl0w+0N21dfMt1KRP9XP7tYhQPGUmOm72VzbJE/D7RqMMW0r8b3IRePjbAn0VwzTqLz6e1Ki89RzY72DyNmiiQp7YLcgHaIM0aObbhI9IrZxuu81KpkW3ELmBnOvaBCNpCSJa6xKOyCeq+aqxv+ZVsPrQP6+kC2RIRzHWFM8Yci+3rpDIpMWHLqf54DP1isLyoKjEuojXPGcseucwKFdte/mVLeeBa3+trX1ExoCtXHTMORWaz4g0fy3MDPCZZax5rFphSUS5anbs9rnUs+iiUEVY5cE0QeBDq9JAFnJWI8O3IqrhN35i+kexN6ZvLm/w6S0= oubay@oubaydos",
              "startup-script": "#! /bin/bash\nsudo touch ~/output.txt\nsudo apt update -y\necho \"updated\" \u003e\u003e~/output.txt\nsudo apt upgrade -y\necho \"upgraded\" \u003e\u003e~/output.txt\nsudo apt install -y docker.io\necho \"installed docker\" \u003e\u003e~/output.txt\nsudo systemctl start docker\necho \"started docker\" \u003e\u003e~/output.txt\nsudo systemctl enable docker\necho/ \"enabled docker\" \u003e\u003e~/output.txt\ncurl -LO https://storage.googleapis.com/minikube/releases/latest/minikube-linux-amd64\necho \"downloaded minikube\" \u003e\u003e~/output.txt\nsudo install minikube-linux-amd64 /usr/local/bin/minikube\necho \"installed minikube\" \u003e\u003e~/output.txt\nsudo ln -s $(which minikube) /usr/local/bin/kubectl\necho \"linked kubectl\" \u003e\u003e~/output.txt\n\nsudo -i -u oubay bash \u003c\u003cEOF\nsudo usermod -aG docker oubay \u0026\u0026 newgrp docker;\necho \"added user oubay to docker group\" \u003e\u003e ~/output.txt;\nminikube start;\nsudo echo \"started minikube\" \u003e\u003e ~/output.txt;\ncurl -fsSL -o get_helm.sh https://raw.githubusercontent.com/helm/helm/master/scripts/get-helm-3;\n./get_helm.sh;\nsudo echo \"installed helm\" \u003e\u003e ~/output.txt;\nhelm repo add bitnami https://charts.bitnami.com/bitnami;\nsudo echo \"added bitnami repo\" \u003e\u003e ~/output.txt;\nhelm install my-release bitnami/kafka;\nsudo echo \"installed kafka\" \u003e\u003e ~/output.txt;\nEOF\n"
            },
            "metadata_fingerprint": "GNqMv1Vgm8I=",
            "metadata_startup_script": null,
            "min_cpu_platform": "",
            "name": "terraform-instance",
            "network_interface": [
              {
                "access_config": [
                  {
                    "nat_ip": "34.155.73.137",
                    "network_tier": "PREMIUM",
                    "public_ptr_domain_name": ""
                  }
                ],
                "alias_ip_range": [],
                "ipv6_access_config": [],
                "ipv6_access_type": "",
                "name": "nic0",
                "network": "https://www.googleapis.com/compute/v1/projects/temp-368015/global/networks/default",
                "network_ip": "10.200.0.20",
                "nic_type": "",
                "queue_count": 0,
                "stack_type": "IPV4_ONLY",
                "subnetwork": "https://www.googleapis.com/compute/v1/projects/temp-368015/regions/europe-west9/subnetworks/default",
                "subnetwork_project": "temp-368015"
              }
            ],
            "project": "temp-368015",
            "reservation_affinity": [],
            "resource_policies": null,
            "scheduling": [
              {
                "automatic_restart": true,
                "instance_termination_action": "",
                "min_node_cpus": 0,
                "node_affinities": [],
                "on_host_maintenance": "MIGRATE",
                "preemptible": false,
                "provisioning_model": "STANDARD"
              }
            ],
            "scratch_disk": [],
            "self_link": "https://www.googleapis.com/compute/v1/projects/temp-368015/zones/europe-west9-a/instances/terraform-instance",
            "service_account": [],
            "shielded_instance_config": [
              {
                "enable_integrity_monitoring": true,
                "enable_secure_boot": false,
                "enable_vtpm": true
              }
            ],
            "tags": null,
            "tags_fingerprint": "42WmSpB8rSM=",
            "timeouts": null,
            "zone": "europe-west9-a"
          },
          "sensitive_attributes": [],
          "private": "eyJlMmJmYjczMC1lY2FhLTExZTYtOGY4OC0zNDM2M2JjN2M0YzAiOnsiY3JlYXRlIjoxMjAwMDAwMDAwMDAwLCJkZWxldGUiOjEyMDAwMDAwMDAwMDAsInVwZGF0ZSI6MTIwMDAwMDAwMDAwMH0sInNjaGVtYV92ZXJzaW9uIjoiNiJ9"
        }
      ]
    }
  ],
  "check_results": null
}
