{
  "version": 4,
  "terraform_version": "1.3.4",
  "serial": 121,
  "lineage": "902dad20-4015-1f2e-2b03-a9d87cfad226",
  "outputs": {
    "cassandra_instance_ip": {
      "value": "34.163.244.37",
      "type": "string"
    },
    "kubernetes_instance_ip": {
      "value": "34.155.49.225",
      "type": "string"
    }
  },
  "resources": [
    {
      "module": "module.firewell",
      "mode": "managed",
      "type": "google_compute_firewall",
      "name": "cassandra_rules",
      "provider": "provider[\"registry.terraform.io/hashicorp/google\"]",
      "instances": [
        {
          "schema_version": 1,
          "attributes": {
            "allow": [
              {
                "ports": [
                  "9042",
                  "7000"
                ],
                "protocol": "tcp"
              }
            ],
            "creation_timestamp": "2023-01-25T06:43:13.908-08:00",
            "deny": [],
            "description": "",
            "destination_ranges": [],
            "direction": "INGRESS",
            "disabled": false,
            "enable_logging": null,
            "id": "projects/temp-368015/global/firewalls/cassandra-rules",
            "log_config": [],
            "name": "cassandra-rules",
            "network": "https://www.googleapis.com/compute/v1/projects/temp-368015/global/networks/default",
            "priority": 1000,
            "project": "temp-368015",
            "self_link": "https://www.googleapis.com/compute/v1/projects/temp-368015/global/firewalls/cassandra-rules",
            "source_ranges": [
              "0.0.0.0/0"
            ],
            "source_service_accounts": null,
            "source_tags": [
              "cassandra"
            ],
            "target_service_accounts": null,
            "target_tags": null,
            "timeouts": null
          },
          "sensitive_attributes": [],
          "private": "eyJlMmJmYjczMC1lY2FhLTExZTYtOGY4OC0zNDM2M2JjN2M0YzAiOnsiY3JlYXRlIjoxMjAwMDAwMDAwMDAwLCJkZWxldGUiOjEyMDAwMDAwMDAwMDAsInVwZGF0ZSI6MTIwMDAwMDAwMDAwMH0sInNjaGVtYV92ZXJzaW9uIjoiMSJ9"
        }
      ]
    },
    {
      "module": "module.my_instance",
      "mode": "managed",
      "type": "google_compute_instance",
      "name": "cassandra-instance",
      "provider": "provider[\"registry.terraform.io/hashicorp/google\"]",
      "instances": [
        {
          "schema_version": 6,
          "attributes": {
            "advanced_machine_features": [],
            "allow_stopping_for_update": null,
            "attached_disk": [],
            "boot_disk": [
              {
                "auto_delete": true,
                "device_name": "persistent-disk-0",
                "disk_encryption_key_raw": "",
                "disk_encryption_key_sha256": "",
                "initialize_params": [
                  {
                    "image": "https://www.googleapis.com/compute/v1/projects/debian-cloud/global/images/debian-11-bullseye-v20221206",
                    "labels": {},
                    "size": 20,
                    "type": "pd-standard"
                  }
                ],
                "kms_key_self_link": "",
                "mode": "READ_WRITE",
                "source": "https://www.googleapis.com/compute/v1/projects/temp-368015/zones/europe-west9-a/disks/cassandra-instance"
              }
            ],
            "can_ip_forward": false,
            "confidential_instance_config": [],
            "cpu_platform": "Intel Broadwell",
            "current_status": "RUNNING",
            "deletion_protection": false,
            "description": "",
            "desired_status": null,
            "enable_display": false,
            "guest_accelerator": [],
            "hostname": "",
            "id": "projects/temp-368015/zones/europe-west9-a/instances/cassandra-instance",
            "instance_id": "2534304477624467168",
            "label_fingerprint": "42WmSpB8rSM=",
            "labels": null,
            "machine_type": "e2-standard-2",
            "metadata": {
              "ssh-keys": "oubay:ssh-rsa AAAAB3NzaC1yc2EAAAADAQABAAABgQDe+vC37E4y2L96EJpRlVISGXCoRz+BzTAh3Q6XmTtCbQHEq8ONyC41osi8LFkE8+epAf2lgyDWQ2QpQNbj6PhoIC5UekFbSccGINH9CWwYqdkg5TG83WpCRidN+u8rlsPXu9QYML7GfIZ2x/ixj/Wj/ZB3YOZoYaVzvjda7+CvbRI8KadpKOl1ZcFuj+ybl0w+0N21dfMt1KRP9XP7tYhQPGUmOm72VzbJE/D7RqMMW0r8b3IRePjbAn0VwzTqLz6e1Ki89RzY72DyNmiiQp7YLcgHaIM0aObbhI9IrZxuu81KpkW3ELmBnOvaBCNpCSJa6xKOyCeq+aqxv+ZVsPrQP6+kC2RIRzHWFM8Yci+3rpDIpMWHLqf54DP1isLyoKjEuojXPGcseucwKFdte/mVLeeBa3+trX1ExoCtXHTMORWaz4g0fy3MDPCZZax5rFphSUS5anbs9rnUs+iiUEVY5cE0QeBDq9JAFnJWI8O3IqrhN35i+kexN6ZvLm/w6S0= oubay@oubaydos",
              "startup-script": "#! /bin/bash\n\nsudo apt update -y;\nsudo apt upgrade -y;\nsudo apt install docker.io;\nsudo systemctl start docker;\nsudo systemctl enable docker;\ndocker run -p 9042:9042 -d -p 7000:7000 cassandra:4 cassandra -fR"
            },
            "metadata_fingerprint": "Cyd2wmap7UA=",
            "metadata_startup_script": null,
            "min_cpu_platform": "",
            "name": "cassandra-instance",
            "network_interface": [
              {
                "access_config": [
                  {
                    "nat_ip": "34.163.244.37",
                    "network_tier": "PREMIUM",
                    "public_ptr_domain_name": ""
                  }
                ],
                "alias_ip_range": [],
                "ipv6_access_config": [],
                "ipv6_access_type": "",
                "name": "nic0",
                "network": "https://www.googleapis.com/compute/v1/projects/temp-368015/global/networks/default",
                "network_ip": "10.200.0.32",
                "nic_type": "",
                "queue_count": 0,
                "stack_type": "IPV4_ONLY",
                "subnetwork": "https://www.googleapis.com/compute/v1/projects/temp-368015/regions/europe-west9/subnetworks/default",
                "subnetwork_project": "temp-368015"
              }
            ],
            "project": "temp-368015",
            "reservation_affinity": [],
            "resource_policies": null,
            "scheduling": [
              {
                "automatic_restart": true,
                "instance_termination_action": "",
                "min_node_cpus": 0,
                "node_affinities": [],
                "on_host_maintenance": "MIGRATE",
                "preemptible": false,
                "provisioning_model": "STANDARD"
              }
            ],
            "scratch_disk": [],
            "self_link": "https://www.googleapis.com/compute/v1/projects/temp-368015/zones/europe-west9-a/instances/cassandra-instance",
            "service_account": [],
            "shielded_instance_config": [
              {
                "enable_integrity_monitoring": true,
                "enable_secure_boot": false,
                "enable_vtpm": true
              }
            ],
            "tags": null,
            "tags_fingerprint": "42WmSpB8rSM=",
            "timeouts": null,
            "zone": "europe-west9-a"
          },
          "sensitive_attributes": [],
          "private": "eyJlMmJmYjczMC1lY2FhLTExZTYtOGY4OC0zNDM2M2JjN2M0YzAiOnsiY3JlYXRlIjoxMjAwMDAwMDAwMDAwLCJkZWxldGUiOjEyMDAwMDAwMDAwMDAsInVwZGF0ZSI6MTIwMDAwMDAwMDAwMH0sInNjaGVtYV92ZXJzaW9uIjoiNiJ9",
          "dependencies": [
            "module.firewell.google_compute_firewall.cassandra_rules"
          ]
        }
      ]
    },
    {
      "module": "module.my_instance",
      "mode": "managed",
      "type": "google_compute_instance",
      "name": "temp-instance",
      "provider": "provider[\"registry.terraform.io/hashicorp/google\"]",
      "instances": [
        {
          "schema_version": 6,
          "attributes": {
            "advanced_machine_features": [],
            "allow_stopping_for_update": null,
            "attached_disk": [],
            "boot_disk": [
              {
                "auto_delete": true,
                "device_name": "persistent-disk-0",
                "disk_encryption_key_raw": "",
                "disk_encryption_key_sha256": "",
                "initialize_params": [
                  {
                    "image": "https://www.googleapis.com/compute/v1/projects/debian-cloud/global/images/debian-11-bullseye-v20221206",
                    "labels": {},
                    "size": 20,
                    "type": "pd-standard"
                  }
                ],
                "kms_key_self_link": "",
                "mode": "READ_WRITE",
                "source": "https://www.googleapis.com/compute/v1/projects/temp-368015/zones/europe-west9-a/disks/terraform-instance"
              }
            ],
            "can_ip_forward": false,
            "confidential_instance_config": [],
            "cpu_platform": "Intel Broadwell",
            "current_status": "RUNNING",
            "deletion_protection": false,
            "description": "",
            "desired_status": null,
            "enable_display": false,
            "guest_accelerator": [],
            "hostname": "",
            "id": "projects/temp-368015/zones/europe-west9-a/instances/terraform-instance",
            "instance_id": "391560523604098785",
            "label_fingerprint": "42WmSpB8rSM=",
            "labels": null,
            "machine_type": "e2-standard-2",
            "metadata": {
              "ssh-keys": "oubay:ssh-rsa AAAAB3NzaC1yc2EAAAADAQABAAABgQDe+vC37E4y2L96EJpRlVISGXCoRz+BzTAh3Q6XmTtCbQHEq8ONyC41osi8LFkE8+epAf2lgyDWQ2QpQNbj6PhoIC5UekFbSccGINH9CWwYqdkg5TG83WpCRidN+u8rlsPXu9QYML7GfIZ2x/ixj/Wj/ZB3YOZoYaVzvjda7+CvbRI8KadpKOl1ZcFuj+ybl0w+0N21dfMt1KRP9XP7tYhQPGUmOm72VzbJE/D7RqMMW0r8b3IRePjbAn0VwzTqLz6e1Ki89RzY72DyNmiiQp7YLcgHaIM0aObbhI9IrZxuu81KpkW3ELmBnOvaBCNpCSJa6xKOyCeq+aqxv+ZVsPrQP6+kC2RIRzHWFM8Yci+3rpDIpMWHLqf54DP1isLyoKjEuojXPGcseucwKFdte/mVLeeBa3+trX1ExoCtXHTMORWaz4g0fy3MDPCZZax5rFphSUS5anbs9rnUs+iiUEVY5cE0QeBDq9JAFnJWI8O3IqrhN35i+kexN6ZvLm/w6S0= oubay@oubaydos",
              "startup-script": "#! /bin/bash\nsudo touch /home/oubay/output.txt\nsudo apt update -y\necho \"updated\" \u003e\u003e/home/oubay/output.txt\nsudo apt upgrade -y\necho \"upgraded\" \u003e\u003e/home/oubay/output.txt\nsudo apt install -y docker.io\necho \"installed docker\" \u003e\u003e/home/oubay/output.txt\nsudo systemctl start docker\necho \"started docker\" \u003e\u003e/home/oubay/output.txt\nsudo systemctl enable docker\necho/ \"enabled docker\" \u003e\u003e/home/oubay/output.txt\ncurl -LO https://storage.googleapis.com/minikube/releases/latest/minikube-linux-amd64\necho \"downloaded minikube\" \u003e\u003e/home/oubay/output.txt\nsudo install minikube-linux-amd64 /usr/local/bin/minikube\necho \"installed minikube\" \u003e\u003e/home/oubay/output.txt\nsudo ln -s $(which minikube) /usr/local/bin/kubectl\necho \"linked kubectl\" \u003e\u003e/home/oubay/output.txt\n#\n#### the part bellow is not successfully starting minikube\n#sudo -u oubay -H sh -c 'sudo usermod -aG docker oubay \u0026\u0026 newgrp docker'\n#echo \"added user oubay to docker group\" \u003e\u003e/home/oubay/output.txt\nsudo chmod 666 /var/run/docker.sock;\necho \"added permissions to docker socker\" \u003e\u003e /home/oubay/output.txt 2\u003e\u00261;\nsudo -u oubay -H sh -c 'minikube start';\necho \"started minikube\" \u003e\u003e/home/oubay/output.txt 2\u003e\u00261;\n\nsudo -u oubay -H sh -c 'curl -fsSL -o get_helm.sh https://raw.githubusercontent.com/helm/helm/master/scripts/get-helm-3';\nsudo -u oubay -H sh -c 'sudo bash ./get_helm.sh';\necho \"installed helm\" \u003e\u003e/home/oubay/output.txt 2\u003e\u00261;\nsudo -u oubay -H sh -c 'helm repo add bitnami https://charts.bitnami.com/bitnami';\necho \"added bitnami repo\" \u003e\u003e/home/oubay/output.txt 2\u003e\u00261;\nsudo -u oubay -H sh -c 'helm install my-release bitnami/kafka',\necho \"installed kafka\" \u003e\u003e/home/oubay/output.txt 2\u003e\u00261;\n\n#sudo -i -u oubay bash \u003c\u003cEOF\n#sudo usermod -aG docker oubay \u0026\u0026 newgrp docker;\n#echo \"added user oubay to docker group\" \u003e\u003e /home/oubay/output.txt;\n#minikube start;\n#sudo echo \"started minikube\" \u003e\u003e /home/oubay/output.txt;\n#curl -fsSL -o get_helm.sh https://raw.githubusercontent.com/helm/helm/master/scripts/get-helm-3;\n#sudo bash ./get_helm.sh;\n#sudo echo \"installed helm\" \u003e\u003e /home/oubay/output.txt;\n#helm repo add bitnami https://charts.bitnami.com/bitnami;\n#sudo echo \"added bitnami repo\" \u003e\u003e /home/oubay/output.txt;\n#sudo echo \"installed kafka\" \u003e\u003e /home/oubay/output.txt;\n#EOF\n"
            },
            "metadata_fingerprint": "RQyLqtGnfiE=",
            "metadata_startup_script": null,
            "min_cpu_platform": "",
            "name": "terraform-instance",
            "network_interface": [
              {
                "access_config": [
                  {
                    "nat_ip": "34.155.49.225",
                    "network_tier": "PREMIUM",
                    "public_ptr_domain_name": ""
                  }
                ],
                "alias_ip_range": [],
                "ipv6_access_config": [],
                "ipv6_access_type": "",
                "name": "nic0",
                "network": "https://www.googleapis.com/compute/v1/projects/temp-368015/global/networks/default",
                "network_ip": "10.200.0.31",
                "nic_type": "",
                "queue_count": 0,
                "stack_type": "IPV4_ONLY",
                "subnetwork": "https://www.googleapis.com/compute/v1/projects/temp-368015/regions/europe-west9/subnetworks/default",
                "subnetwork_project": "temp-368015"
              }
            ],
            "project": "temp-368015",
            "reservation_affinity": [],
            "resource_policies": null,
            "scheduling": [
              {
                "automatic_restart": true,
                "instance_termination_action": "",
                "min_node_cpus": 0,
                "node_affinities": [],
                "on_host_maintenance": "MIGRATE",
                "preemptible": false,
                "provisioning_model": "STANDARD"
              }
            ],
            "scratch_disk": [],
            "self_link": "https://www.googleapis.com/compute/v1/projects/temp-368015/zones/europe-west9-a/instances/terraform-instance",
            "service_account": [],
            "shielded_instance_config": [
              {
                "enable_integrity_monitoring": true,
                "enable_secure_boot": false,
                "enable_vtpm": true
              }
            ],
            "tags": [
              "cassandra"
            ],
            "tags_fingerprint": "4ndtHne7-vE=",
            "timeouts": null,
            "zone": "europe-west9-a"
          },
          "sensitive_attributes": [],
          "private": "eyJlMmJmYjczMC1lY2FhLTExZTYtOGY4OC0zNDM2M2JjN2M0YzAiOnsiY3JlYXRlIjoxMjAwMDAwMDAwMDAwLCJkZWxldGUiOjEyMDAwMDAwMDAwMDAsInVwZGF0ZSI6MTIwMDAwMDAwMDAwMH0sInNjaGVtYV92ZXJzaW9uIjoiNiJ9",
          "dependencies": [
            "module.firewell.google_compute_firewall.cassandra_rules"
          ]
        }
      ]
    }
  ],
  "check_results": null
}
